
Microsoft Visual Studio Solution File, Format Version 11.00
# Visual Studio 2010
Project("{FAE04EC0-301F-11D3-BF4B-00C04F79EFBC}") = "ELF.Contracts", "ELF.Contracts\ELF.Contracts.csproj", "{FC29DCF9-FC42-4107-8499-1CB1DABA7E78}"
EndProject
Project("{FAE04EC0-301F-11D3-BF4B-00C04F79EFBC}") = "ELF.Core.Tests", "ELF.Core.Tests\ELF.Core.Tests.csproj", "{126DFC4B-D7BC-4902-B5A4-469536A7D3B9}"
EndProject
Project("{FAE04EC0-301F-11D3-BF4B-00C04F79EFBC}") = "ELF.TextPlugin", "ELF.TextPlugin\ELF.TextPlugin.csproj", "{26CECB65-90AF-4905-ADCF-6F4911D1E052}"
EndProject
Project("{FAE04EC0-301F-11D3-BF4B-00C04F79EFBC}") = "ELF.XmlPlugin", "ELF.XmlPlugin\ELF.XmlPlugin.csproj", "{7C4E44E5-DE8B-46D6-B605-F364790E0F95}"
EndProject
Project("{2150E333-8FDC-42A3-9474-1A3956D46DE8}") = "Plugins", "Plugins", "{C1F3B2B2-265A-4313-B018-81F370B2726E}"
EndProject
Project("{FAE04EC0-301F-11D3-BF4B-00C04F79EFBC}") = "ELF.Shell", "ELF.Shell\ELF.Shell.csproj", "{B1646691-F169-4F04-B0F0-20671549A674}"
	ProjectSection(ProjectDependencies) = postProject
		{26CECB65-90AF-4905-ADCF-6F4911D1E052} = {26CECB65-90AF-4905-ADCF-6F4911D1E052}
		{8D9EC3A5-D7AE-463F-8A72-4586D0CAE619} = {8D9EC3A5-D7AE-463F-8A72-4586D0CAE619}
		{7C4E44E5-DE8B-46D6-B605-F364790E0F95} = {7C4E44E5-DE8B-46D6-B605-F364790E0F95}
	EndProjectSection
EndProject
Project("{FAE04EC0-301F-11D3-BF4B-00C04F79EFBC}") = "ELF.TextPlugin.Tests", "ELF.TextPlugin.Tests\ELF.TextPlugin.Tests.csproj", "{F7256323-E749-4CD5-A9E0-C734ED90BB34}"
EndProject
Project("{FAE04EC0-301F-11D3-BF4B-00C04F79EFBC}") = "ELF.XmlPlugin.Tests", "ELF.XmlPlugin.Tests\ELF.XmlPlugin.Tests.csproj", "{5D9377DD-2C5F-40FF-8795-16B49600DD0F}"
EndProject
Project("{FAE04EC0-301F-11D3-BF4B-00C04F79EFBC}") = "ELF.Core", "ELF.Core\ELF.Core.csproj", "{8D9EC3A5-D7AE-463F-8A72-4586D0CAE619}"
EndProject
Project("{FAE04EC0-301F-11D3-BF4B-00C04F79EFBC}") = "ELF", "ELF\ELF.csproj", "{DE1DD981-2BF1-4B9F-B0BB-8ABF86BE63A7}"
EndProject
Global
	GlobalSection(SolutionConfigurationPlatforms) = preSolution
		Debug|Any CPU = Debug|Any CPU
		Release|Any CPU = Release|Any CPU
	EndGlobalSection
	GlobalSection(ProjectConfigurationPlatforms) = postSolution
		{FC29DCF9-FC42-4107-8499-1CB1DABA7E78}.Debug|Any CPU.ActiveCfg = Debug|Any CPU
		{FC29DCF9-FC42-4107-8499-1CB1DABA7E78}.Debug|Any CPU.Build.0 = Debug|Any CPU
		{FC29DCF9-FC42-4107-8499-1CB1DABA7E78}.Release|Any CPU.ActiveCfg = Release|Any CPU
		{FC29DCF9-FC42-4107-8499-1CB1DABA7E78}.Release|Any CPU.Build.0 = Release|Any CPU
		{126DFC4B-D7BC-4902-B5A4-469536A7D3B9}.Debug|Any CPU.ActiveCfg = Debug|Any CPU
		{126DFC4B-D7BC-4902-B5A4-469536A7D3B9}.Debug|Any CPU.Build.0 = Debug|Any CPU
		{126DFC4B-D7BC-4902-B5A4-469536A7D3B9}.Release|Any CPU.ActiveCfg = Release|Any CPU
		{126DFC4B-D7BC-4902-B5A4-469536A7D3B9}.Release|Any CPU.Build.0 = Release|Any CPU
		{26CECB65-90AF-4905-ADCF-6F4911D1E052}.Debug|Any CPU.ActiveCfg = Debug|Any CPU
		{26CECB65-90AF-4905-ADCF-6F4911D1E052}.Debug|Any CPU.Build.0 = Debug|Any CPU
		{26CECB65-90AF-4905-ADCF-6F4911D1E052}.Release|Any CPU.ActiveCfg = Release|Any CPU
		{26CECB65-90AF-4905-ADCF-6F4911D1E052}.Release|Any CPU.Build.0 = Release|Any CPU
		{7C4E44E5-DE8B-46D6-B605-F364790E0F95}.Debug|Any CPU.ActiveCfg = Debug|Any CPU
		{7C4E44E5-DE8B-46D6-B605-F364790E0F95}.Debug|Any CPU.Build.0 = Debug|Any CPU
		{7C4E44E5-DE8B-46D6-B605-F364790E0F95}.Release|Any CPU.ActiveCfg = Release|Any CPU
		{7C4E44E5-DE8B-46D6-B605-F364790E0F95}.Release|Any CPU.Build.0 = Release|Any CPU
		{B1646691-F169-4F04-B0F0-20671549A674}.Debug|Any CPU.ActiveCfg = Debug|Any CPU
		{B1646691-F169-4F04-B0F0-20671549A674}.Debug|Any CPU.Build.0 = Debug|Any CPU
		{B1646691-F169-4F04-B0F0-20671549A674}.Release|Any CPU.ActiveCfg = Release|Any CPU
		{B1646691-F169-4F04-B0F0-20671549A674}.Release|Any CPU.Build.0 = Release|Any CPU
		{F7256323-E749-4CD5-A9E0-C734ED90BB34}.Debug|Any CPU.ActiveCfg = Debug|Any CPU
		{F7256323-E749-4CD5-A9E0-C734ED90BB34}.Debug|Any CPU.Build.0 = Debug|Any CPU
		{F7256323-E749-4CD5-A9E0-C734ED90BB34}.Release|Any CPU.ActiveCfg = Release|Any CPU
		{F7256323-E749-4CD5-A9E0-C734ED90BB34}.Release|Any CPU.Build.0 = Release|Any CPU
		{5D9377DD-2C5F-40FF-8795-16B49600DD0F}.Debug|Any CPU.ActiveCfg = Debug|Any CPU
		{5D9377DD-2C5F-40FF-8795-16B49600DD0F}.Debug|Any CPU.Build.0 = Debug|Any CPU
		{5D9377DD-2C5F-40FF-8795-16B49600DD0F}.Release|Any CPU.ActiveCfg = Release|Any CPU
		{5D9377DD-2C5F-40FF-8795-16B49600DD0F}.Release|Any CPU.Build.0 = Release|Any CPU
		{8D9EC3A5-D7AE-463F-8A72-4586D0CAE619}.Debug|Any CPU.ActiveCfg = Debug|Any CPU
		{8D9EC3A5-D7AE-463F-8A72-4586D0CAE619}.Debug|Any CPU.Build.0 = Debug|Any CPU
		{8D9EC3A5-D7AE-463F-8A72-4586D0CAE619}.Release|Any CPU.ActiveCfg = Release|Any CPU
		{8D9EC3A5-D7AE-463F-8A72-4586D0CAE619}.Release|Any CPU.Build.0 = Release|Any CPU
		{DE1DD981-2BF1-4B9F-B0BB-8ABF86BE63A7}.Debug|Any CPU.ActiveCfg = Debug|Any CPU
		{DE1DD981-2BF1-4B9F-B0BB-8ABF86BE63A7}.Debug|Any CPU.Build.0 = Debug|Any CPU
		{DE1DD981-2BF1-4B9F-B0BB-8ABF86BE63A7}.Release|Any CPU.ActiveCfg = Release|Any CPU
		{DE1DD981-2BF1-4B9F-B0BB-8ABF86BE63A7}.Release|Any CPU.Build.0 = Release|Any CPU
	EndGlobalSection
	GlobalSection(SolutionProperties) = preSolution
		HideSolutionNode = FALSE
	EndGlobalSection
	GlobalSection(NestedProjects) = preSolution
		{7C4E44E5-DE8B-46D6-B605-F364790E0F95} = {C1F3B2B2-265A-4313-B018-81F370B2726E}
		{26CECB65-90AF-4905-ADCF-6F4911D1E052} = {C1F3B2B2-265A-4313-B018-81F370B2726E}
		{F7256323-E749-4CD5-A9E0-C734ED90BB34} = {C1F3B2B2-265A-4313-B018-81F370B2726E}
		{5D9377DD-2C5F-40FF-8795-16B49600DD0F} = {C1F3B2B2-265A-4313-B018-81F370B2726E}
	EndGlobalSection
EndGlobal
